
Microsoft Visual Studio Solution File, Format Version 12.00
# Visual Studio 15
VisualStudioVersion = 15.0.27130.0
MinimumVisualStudioVersion = 10.0.40219.1
Project("{FAE04EC0-301F-11D3-BF4B-00C04F79EFBC}") = "BellmanFord", "BellmanFord\BellmanFord.csproj", "{51FE8FA9-D0CA-4CED-ADB6-32DD2F774D8D}"
EndProject
Global
	GlobalSection(SolutionConfigurationPlatforms) = preSolution
		Debug|Any CPU = Debug|Any CPU
		Release|Any CPU = Release|Any CPU
	EndGlobalSection
	GlobalSection(ProjectConfigurationPlatforms) = postSolution
		{51FE8FA9-D0CA-4CED-ADB6-32DD2F774D8D}.Debug|Any CPU.ActiveCfg = Debug|Any CPU
		{51FE8FA9-D0CA-4CED-ADB6-32DD2F774D8D}.Debug|Any CPU.Build.0 = Debug|Any CPU
		{51FE8FA9-D0CA-4CED-ADB6-32DD2F774D8D}.Release|Any CPU.ActiveCfg = Release|Any CPU
		{51FE8FA9-D0CA-4CED-ADB6-32DD2F774D8D}.Release|Any CPU.Build.0 = Release|Any CPU
	EndGlobalSection
	GlobalSection(SolutionProperties) = preSolution
		HideSolutionNode = FALSE
	EndGlobalSection
	GlobalSection(ExtensibilityGlobals) = postSolution
		SolutionGuid = {5CC469CA-B7CB-4D69-8B73-31530858F7BD}
	EndGlobalSection
EndGlobal
